{
  "nodes": {
    "cloudreve-cli": {
      "inputs": {
        "flake-compat": [
          "indexyz",
          "flake-compat"
        ],
        "flake-utils": [
          "indexyz",
          "flake-utils"
        ],
        "nixpkgs": [
          "indexyz",
          "nixpkgs"
        ]
      },
      "locked": {
        "lastModified": 1641293401,
        "narHash": "sha256-rFDWEuONzMtAYz9Hzybabr59lzbtVL8NXG9o2kgMT04=",
        "owner": "Indexyz",
        "repo": "CloudreveCLI",
        "rev": "b6c85c121e580555c16926fb81fcf47d4bd6c1ba",
        "type": "github"
      },
      "original": {
        "owner": "Indexyz",
        "repo": "CloudreveCLI",
        "type": "github"
      }
    },
    "flake-compat": {
      "flake": false,
      "locked": {
        "lastModified": 1641205782,
        "narHash": "sha256-4jY7RCWUoZ9cKD8co0/4tFARpWB+57+r1bLLvXNJliY=",
        "owner": "edolstra",
        "repo": "flake-compat",
        "rev": "b7547d3eed6f32d06102ead8991ec52ab0a4f1a7",
        "type": "github"
      },
      "original": {
        "owner": "edolstra",
        "repo": "flake-compat",
        "type": "github"
      }
    },
    "flake-utils": {
      "locked": {
        "lastModified": 1642700792,
        "narHash": "sha256-XqHrk7hFb+zBvRg6Ghl+AZDq03ov6OshJLiSWOoX5es=",
        "owner": "numtide",
        "repo": "flake-utils",
        "rev": "846b2ae0fc4cc943637d3d1def4454213e203cba",
        "type": "github"
      },
      "original": {
        "owner": "numtide",
        "repo": "flake-utils",
        "type": "github"
      }
    },
    "flake-utils_2": {
      "locked": {
        "lastModified": 1601282935,
        "narHash": "sha256-WQAFV6sGGQxrRs3a+/Yj9xUYvhTpukQJIcMbIi7LCJ4=",
        "owner": "numtide",
        "repo": "flake-utils",
        "rev": "588973065fce51f4763287f0fda87a174d78bf48",
        "type": "github"
      },
      "original": {
        "owner": "numtide",
        "repo": "flake-utils",
        "type": "github"
      }
    },
    "indexyz": {
      "inputs": {
        "cloudreve-cli": "cloudreve-cli",
        "flake-compat": "flake-compat",
        "flake-utils": "flake-utils",
        "nixpkgs": "nixpkgs",
        "npmlock2nix": "npmlock2nix"
      },
      "locked": {
        "lastModified": 1643980230,
        "narHash": "sha256-176dp7v9cNobkTQAExLXnI4EkhLmAXVRJUyHto7E8FE=",
        "owner": "X01A",
        "repo": "nixos",
        "rev": "4ca5494926c14c22e4701b19d733ec9723fdfd28",
        "type": "github"
      },
      "original": {
        "owner": "X01A",
        "repo": "nixos",
        "type": "github"
      }
    },
    "mach-nix": {
      "inputs": {
        "flake-utils": "flake-utils_2",
        "nixpkgs": "nixpkgs_2",
        "pypi-deps-db": "pypi-deps-db"
      },
      "locked": {
        "lastModified": 1621754806,
        "narHash": "sha256-RvbFjxnnY/+/zEkvQpl85MICmyp9p2EoncjuN80yrYA=",
        "owner": "DavHau",
        "repo": "mach-nix",
        "rev": "773580c35bcdb8cbd0820018d304686282f88d16",
        "type": "github"
      },
      "original": {
        "owner": "DavHau",
        "ref": "3.3.0",
        "repo": "mach-nix",
        "type": "github"
      }
    },
    "nixpkgs": {
      "locked": {
        "lastModified": 1643805626,
        "narHash": "sha256-AXLDVMG+UaAGsGSpOtQHPIKB+IZ0KSd9WS77aanGzgc=",
        "owner": "nixos",
        "repo": "nixpkgs",
        "rev": "554d2d8aa25b6e583575459c297ec23750adb6cb",
        "type": "github"
      },
      "original": {
        "owner": "nixos",
        "ref": "nixos-unstable",
        "repo": "nixpkgs",
        "type": "github"
      }
    },
    "nixpkgs_2": {
      "locked": {
        "lastModified": 1621640932,
        "narHash": "sha256-fXJ+OdiqSzdjFU+wkAciws+m5pEhFjFjjZmCLE6DpO4=",
        "owner": "NixOS",
        "repo": "nixpkgs",
        "rev": "9971c5d1a40d4e9ff8159ec6595cb9e91da7d438",
        "type": "github"
      },
      "original": {
        "owner": "NixOS",
        "ref": "nixos-unstable",
        "repo": "nixpkgs",
        "type": "github"
      }
    },
    "nixpkgs_3": {
      "locked": {
        "lastModified": 1642925433,
        "narHash": "sha256-d0RieRJyKGjsPteBDjOybB8TY9ZYrvtFjRn6dpTQ0Sw=",
        "owner": "JQ-Networks",
        "repo": "nixpkgs",
        "rev": "3da9cd3d5cd2c9e16f8e80bb5f0d90bc67c31641",
        "type": "github"
      },
      "original": {
        "owner": "JQ-Networks",
        "ref": "nixos-21.11",
        "repo": "nixpkgs",
        "type": "github"
      }
    },
    "npmlock2nix": {
      "flake": false,
      "locked": {
        "lastModified": 1643828355,
        "narHash": "sha256-yeej9SblWlh5DQlLr/AGz8vVG0TrDZg38Yy2fv6wk7U=",
        "owner": "serokell",
        "repo": "nix-npm-buildpackage",
        "rev": "d9acd44139f56202084bd918cdf6b945935acfd6",
        "type": "github"
      },
      "original": {
        "owner": "serokell",
        "repo": "nix-npm-buildpackage",
        "type": "github"
      }
    },
    "pypi-deps-db": {
      "flake": false,
      "locked": {
        "lastModified": 1621672288,
        "narHash": "sha256-hUOZnSr1ZaTCOUlC8k946RyRjZsfN2w/9jzic0UKj58=",
        "owner": "DavHau",
        "repo": "pypi-deps-db",
        "rev": "19dc04a5c7412431a58a07ceecfe7b3ed3c164a5",
        "type": "github"
      },
      "original": {
        "owner": "DavHau",
        "repo": "pypi-deps-db",
        "type": "github"
      }
    },
    "root": {
      "inputs": {
        "indexyz": "indexyz",
        "mach-nix": "mach-nix",
        "nixpkgs": "nixpkgs_3",
        "unstable": "unstable"
      }
    },
    "unstable": {
      "locked": {
        "lastModified": 1644033087,
        "narHash": "sha256-beskas17YPhrcnanzywake9/z+k+xOWmavW24YUN8ng=",
        "owner": "NixOS",
        "repo": "nixpkgs",
        "rev": "9f697d60e4d9f08eacf549502528bfaed859d33b",
        "type": "github"
      },
      "original": {
        "owner": "NixOS",
        "ref": "nixos-unstable",
        "repo": "nixpkgs",
        "type": "github"
      }
    }
  },
  "root": "root",
  "version": 7
}
