{
  "nodes": {
    "cloudreve-cli": {
      "inputs": {
        "flake-compat": [
          "indexyz",
          "flake-compat"
        ],
        "flake-utils": [
          "indexyz",
          "flake-utils"
        ],
        "nixpkgs": [
          "indexyz",
          "nixpkgs"
        ]
      },
      "locked": {
        "lastModified": 1641293401,
        "narHash": "sha256-rFDWEuONzMtAYz9Hzybabr59lzbtVL8NXG9o2kgMT04=",
        "owner": "Indexyz",
        "repo": "CloudreveCLI",
        "rev": "b6c85c121e580555c16926fb81fcf47d4bd6c1ba",
        "type": "github"
      },
      "original": {
        "owner": "Indexyz",
        "repo": "CloudreveCLI",
        "type": "github"
      }
    },
    "flake-compat": {
      "flake": false,
      "locked": {
        "lastModified": 1641205782,
        "narHash": "sha256-4jY7RCWUoZ9cKD8co0/4tFARpWB+57+r1bLLvXNJliY=",
        "owner": "edolstra",
        "repo": "flake-compat",
        "rev": "b7547d3eed6f32d06102ead8991ec52ab0a4f1a7",
        "type": "github"
      },
      "original": {
        "owner": "edolstra",
        "repo": "flake-compat",
        "type": "github"
      }
    },
    "flake-utils": {
      "locked": {
        "lastModified": 1644229661,
        "narHash": "sha256-1YdnJAsNy69bpcjuoKdOYQX0YxZBiCYZo4Twxerqv7k=",
        "owner": "numtide",
        "repo": "flake-utils",
        "rev": "3cecb5b042f7f209c56ffd8371b2711a290ec797",
        "type": "github"
      },
      "original": {
        "owner": "numtide",
        "repo": "flake-utils",
        "type": "github"
      }
    },
    "flake-utils_2": {
      "locked": {
        "lastModified": 1601282935,
        "narHash": "sha256-WQAFV6sGGQxrRs3a+/Yj9xUYvhTpukQJIcMbIi7LCJ4=",
        "owner": "numtide",
        "repo": "flake-utils",
        "rev": "588973065fce51f4763287f0fda87a174d78bf48",
        "type": "github"
      },
      "original": {
        "owner": "numtide",
        "repo": "flake-utils",
        "type": "github"
      }
    },
    "indexyz": {
      "inputs": {
        "cloudreve-cli": "cloudreve-cli",
        "flake-compat": "flake-compat",
        "flake-utils": "flake-utils",
        "nixpkgs": "nixpkgs",
        "npmlock2nix": "npmlock2nix"
      },
      "locked": {
        "lastModified": 1644337970,
        "narHash": "sha256-owcVxp7hgNCCZ5IT2j7VW3opxYHOLPLpIA+2Su6qsQg=",
        "owner": "X01A",
        "repo": "nixos",
        "rev": "c5a3ed43d4b89c7b56284cb33f0279935a7ce7fa",
        "type": "github"
      },
      "original": {
        "owner": "X01A",
        "repo": "nixos",
        "type": "github"
      }
    },
    "mach-nix": {
      "inputs": {
        "flake-utils": "flake-utils_2",
        "nixpkgs": "nixpkgs_2",
        "pypi-deps-db": "pypi-deps-db"
      },
      "locked": {
        "lastModified": 1621754806,
        "narHash": "sha256-RvbFjxnnY/+/zEkvQpl85MICmyp9p2EoncjuN80yrYA=",
        "owner": "DavHau",
        "repo": "mach-nix",
        "rev": "773580c35bcdb8cbd0820018d304686282f88d16",
        "type": "github"
      },
      "original": {
        "owner": "DavHau",
        "ref": "3.3.0",
        "repo": "mach-nix",
        "type": "github"
      }
    },
    "nixpkgs": {
      "locked": {
        "lastModified": 1644193945,
        "narHash": "sha256-FqPyne57rnbvFfgL5OacS1w85/2NAZo59jqhhhcobek=",
        "owner": "nixos",
        "repo": "nixpkgs",
        "rev": "fbd030fb2d8dc9fedcb45e57cbce5e9e064bfb6c",
        "type": "github"
      },
      "original": {
        "owner": "nixos",
        "ref": "nixos-unstable",
        "repo": "nixpkgs",
        "type": "github"
      }
    },
    "nixpkgs_2": {
      "locked": {
        "lastModified": 1621640932,
        "narHash": "sha256-fXJ+OdiqSzdjFU+wkAciws+m5pEhFjFjjZmCLE6DpO4=",
        "owner": "NixOS",
        "repo": "nixpkgs",
        "rev": "9971c5d1a40d4e9ff8159ec6595cb9e91da7d438",
        "type": "github"
      },
      "original": {
        "owner": "NixOS",
        "ref": "nixos-unstable",
        "repo": "nixpkgs",
        "type": "github"
      }
    },
    "nixpkgs_3": {
      "locked": {
        "lastModified": 1644193793,
        "narHash": "sha256-ggCI5LCXwkUJQwjpkr9qDFbQMiK3JvAfeNR4Uy0ny5Q=",
        "owner": "NixOS",
        "repo": "nixpkgs",
        "rev": "521e4d7d13b09bc0a21976b9d19abd197d4e3b1e",
        "type": "github"
      },
      "original": {
        "owner": "NixOS",
        "ref": "nixos-21.11",
        "repo": "nixpkgs",
        "type": "github"
      }
    },
    "npmlock2nix": {
      "flake": false,
      "locked": {
        "lastModified": 1643828355,
        "narHash": "sha256-yeej9SblWlh5DQlLr/AGz8vVG0TrDZg38Yy2fv6wk7U=",
        "owner": "serokell",
        "repo": "nix-npm-buildpackage",
        "rev": "d9acd44139f56202084bd918cdf6b945935acfd6",
        "type": "github"
      },
      "original": {
        "owner": "serokell",
        "repo": "nix-npm-buildpackage",
        "type": "github"
      }
    },
    "pypi-deps-db": {
      "flake": false,
      "locked": {
        "lastModified": 1621672288,
        "narHash": "sha256-hUOZnSr1ZaTCOUlC8k946RyRjZsfN2w/9jzic0UKj58=",
        "owner": "DavHau",
        "repo": "pypi-deps-db",
        "rev": "19dc04a5c7412431a58a07ceecfe7b3ed3c164a5",
        "type": "github"
      },
      "original": {
        "owner": "DavHau",
        "repo": "pypi-deps-db",
        "type": "github"
      }
    },
    "root": {
      "inputs": {
        "indexyz": "indexyz",
        "mach-nix": "mach-nix",
        "nixpkgs": "nixpkgs_3",
        "unstable": "unstable"
      }
    },
    "unstable": {
      "locked": {
        "lastModified": 1644278373,
        "narHash": "sha256-9riYZyVing7OQUUWELSojlbt9u0xDh0Xm5Eg8FQn0fc=",
        "owner": "NixOS",
        "repo": "nixpkgs",
        "rev": "60c52a73f1d5858020ac4f161cd5bf1c9650f8b8",
        "type": "github"
      },
      "original": {
        "owner": "NixOS",
        "ref": "nixos-unstable",
        "repo": "nixpkgs",
        "type": "github"
      }
    }
  },
  "root": "root",
  "version": 7
}
